# This file is generated by running "yarn install" inside your project.
# Manual changes might be lost - proceed with caution!

__metadata:
  version: 10
  cacheKey: 10c0

"@mechanai/deepreview@workspace:.":
  version: 0.0.0-use.local
  resolution: "@mechanai/deepreview@workspace:."
  dependencies:
    gray-matter: "npm:4.0.3"
    oxfmt: "npm:0.52.0"
    oxlint: "npm:1.67.0"
    parse-diff: "npm:0.11.1"
  bin:
    deepreview: ./src/cli.js
  languageName: unknown
  linkType: soft

"@oxfmt/binding-android-arm-eabi@npm:0.52.0":
  version: 0.52.0
  resolution: "@oxfmt/binding-android-arm-eabi@npm:0.52.0"
  conditions: os=android & cpu=arm
  languageName: node
  linkType: hard

"@oxfmt/binding-android-arm64@npm:0.52.0":
  version: 0.52.0
  resolution: "@oxfmt/binding-android-arm64@npm:0.52.0"
  conditions: os=android & cpu=arm64
  languageName: node
  linkType: hard

"@oxfmt/binding-darwin-arm64@npm:0.52.0":
  version: 0.52.0
  resolution: "@oxfmt/binding-darwin-arm64@npm:0.52.0"
  conditions: os=darwin & cpu=arm64
  languageName: node
  linkType: hard

"@oxfmt/binding-darwin-x64@npm:0.52.0":
  version: 0.52.0
  resolution: "@oxfmt/binding-darwin-x64@npm:0.52.0"
  conditions: os=darwin & cpu=x64
  languageName: node
  linkType: hard

"@oxfmt/binding-freebsd-x64@npm:0.52.0":
  version: 0.52.0
  resolution: "@oxfmt/binding-freebsd-x64@npm:0.52.0"
  conditions: os=freebsd & cpu=x64
  languageName: node
  linkType: hard

"@oxfmt/binding-linux-arm-gnueabihf@npm:0.52.0":
  version: 0.52.0
  resolution: "@oxfmt/binding-linux-arm-gnueabihf@npm:0.52.0"
  conditions: os=linux & cpu=arm
  languageName: node
  linkType: hard

"@oxfmt/binding-linux-arm-musleabihf@npm:0.52.0":
  version: 0.52.0
  resolution: "@oxfmt/binding-linux-arm-musleabihf@npm:0.52.0"
  conditions: os=linux & cpu=arm
  languageName: node
  linkType: hard

"@oxfmt/binding-linux-arm64-gnu@npm:0.52.0":
  version: 0.52.0
  resolution: "@oxfmt/binding-linux-arm64-gnu@npm:0.52.0"
  conditions: os=linux & cpu=arm64 & libc=glibc
  languageName: node
  linkType: hard

"@oxfmt/binding-linux-arm64-musl@npm:0.52.0":
  version: 0.52.0
  resolution: "@oxfmt/binding-linux-arm64-musl@npm:0.52.0"
  conditions: os=linux & cpu=arm64 & libc=musl
  languageName: node
  linkType: hard

"@oxfmt/binding-linux-ppc64-gnu@npm:0.52.0":
  version: 0.52.0
  resolution: "@oxfmt/binding-linux-ppc64-gnu@npm:0.52.0"
  conditions: os=linux & cpu=ppc64 & libc=glibc
  languageName: node
  linkType: hard

"@oxfmt/binding-linux-riscv64-gnu@npm:0.52.0":
  version: 0.52.0
  resolution: "@oxfmt/binding-linux-riscv64-gnu@npm:0.52.0"
  conditions: os=linux & cpu=riscv64 & libc=glibc
  languageName: node
  linkType: hard

"@oxfmt/binding-linux-riscv64-musl@npm:0.52.0":
  version: 0.52.0
  resolution: "@oxfmt/binding-linux-riscv64-musl@npm:0.52.0"
  conditions: os=linux & cpu=riscv64 & libc=musl
  languageName: node
  linkType: hard

"@oxfmt/binding-linux-s390x-gnu@npm:0.52.0":
  version: 0.52.0
  resolution: "@oxfmt/binding-linux-s390x-gnu@npm:0.52.0"
  conditions: os=linux & cpu=s390x & libc=glibc
  languageName: node
  linkType: hard

"@oxfmt/binding-linux-x64-gnu@npm:0.52.0":
  version: 0.52.0
  resolution: "@oxfmt/binding-linux-x64-gnu@npm:0.52.0"
  conditions: os=linux & cpu=x64 & libc=glibc
  languageName: node
  linkType: hard

"@oxfmt/binding-linux-x64-musl@npm:0.52.0":
  version: 0.52.0
  resolution: "@oxfmt/binding-linux-x64-musl@npm:0.52.0"
  conditions: os=linux & cpu=x64 & libc=musl
  languageName: node
  linkType: hard

"@oxfmt/binding-openharmony-arm64@npm:0.52.0":
  version: 0.52.0
  resolution: "@oxfmt/binding-openharmony-arm64@npm:0.52.0"
  conditions: os=openharmony & cpu=arm64
  languageName: node
  linkType: hard

"@oxfmt/binding-win32-arm64-msvc@npm:0.52.0":
  version: 0.52.0
  resolution: "@oxfmt/binding-win32-arm64-msvc@npm:0.52.0"
  conditions: os=win32 & cpu=arm64
  languageName: node
  linkType: hard

"@oxfmt/binding-win32-ia32-msvc@npm:0.52.0":
  version: 0.52.0
  resolution: "@oxfmt/binding-win32-ia32-msvc@npm:0.52.0"
  conditions: os=win32 & cpu=ia32
  languageName: node
  linkType: hard

"@oxfmt/binding-win32-x64-msvc@npm:0.52.0":
  version: 0.52.0
  resolution: "@oxfmt/binding-win32-x64-msvc@npm:0.52.0"
  conditions: os=win32 & cpu=x64
  languageName: node
  linkType: hard

"@oxlint/binding-android-arm-eabi@npm:1.67.0":
  version: 1.67.0
  resolution: "@oxlint/binding-android-arm-eabi@npm:1.67.0"
  conditions: os=android & cpu=arm
  languageName: node
  linkType: hard

"@oxlint/binding-android-arm64@npm:1.67.0":
  version: 1.67.0
  resolution: "@oxlint/binding-android-arm64@npm:1.67.0"
  conditions: os=android & cpu=arm64
  languageName: node
  linkType: hard

"@oxlint/binding-darwin-arm64@npm:1.67.0":
  version: 1.67.0
  resolution: "@oxlint/binding-darwin-arm64@npm:1.67.0"
  conditions: os=darwin & cpu=arm64
  languageName: node
  linkType: hard

"@oxlint/binding-darwin-x64@npm:1.67.0":
  version: 1.67.0
  resolution: "@oxlint/binding-darwin-x64@npm:1.67.0"
  conditions: os=darwin & cpu=x64
  languageName: node
  linkType: hard

"@oxlint/binding-freebsd-x64@npm:1.67.0":
  version: 1.67.0
  resolution: "@oxlint/binding-freebsd-x64@npm:1.67.0"
  conditions: os=freebsd & cpu=x64
  languageName: node
  linkType: hard

"@oxlint/binding-linux-arm-gnueabihf@npm:1.67.0":
  version: 1.67.0
  resolution: "@oxlint/binding-linux-arm-gnueabihf@npm:1.67.0"
  conditions: os=linux & cpu=arm
  languageName: node
  linkType: hard

"@oxlint/binding-linux-arm-musleabihf@npm:1.67.0":
  version: 1.67.0
  resolution: "@oxlint/binding-linux-arm-musleabihf@npm:1.67.0"
  conditions: os=linux & cpu=arm
  languageName: node
  linkType: hard

"@oxlint/binding-linux-arm64-gnu@npm:1.67.0":
  version: 1.67.0
  resolution: "@oxlint/binding-linux-arm64-gnu@npm:1.67.0"
  conditions: os=linux & cpu=arm64 & libc=glibc
  languageName: node
  linkType: hard

"@oxlint/binding-linux-arm64-musl@npm:1.67.0":
  version: 1.67.0
  resolution: "@oxlint/binding-linux-arm64-musl@npm:1.67.0"
  conditions: os=linux & cpu=arm64 & libc=musl
  languageName: node
  linkType: hard

"@oxlint/binding-linux-ppc64-gnu@npm:1.67.0":
  version: 1.67.0
  resolution: "@oxlint/binding-linux-ppc64-gnu@npm:1.67.0"
  conditions: os=linux & cpu=ppc64 & libc=glibc
  languageName: node
  linkType: hard

"@oxlint/binding-linux-riscv64-gnu@npm:1.67.0":
  version: 1.67.0
  resolution: "@oxlint/binding-linux-riscv64-gnu@npm:1.67.0"
  conditions: os=linux & cpu=riscv64 & libc=glibc
  languageName: node
  linkType: hard

"@oxlint/binding-linux-riscv64-musl@npm:1.67.0":
  version: 1.67.0
  resolution: "@oxlint/binding-linux-riscv64-musl@npm:1.67.0"
  conditions: os=linux & cpu=riscv64 & libc=musl
  languageName: node
  linkType: hard

"@oxlint/binding-linux-s390x-gnu@npm:1.67.0":
  version: 1.67.0
  resolution: "@oxlint/binding-linux-s390x-gnu@npm:1.67.0"
  conditions: os=linux & cpu=s390x & libc=glibc
  languageName: node
  linkType: hard

"@oxlint/binding-linux-x64-gnu@npm:1.67.0":
  version: 1.67.0
  resolution: "@oxlint/binding-linux-x64-gnu@npm:1.67.0"
  conditions: os=linux & cpu=x64 & libc=glibc
  languageName: node
  linkType: hard

"@oxlint/binding-linux-x64-musl@npm:1.67.0":
  version: 1.67.0
  resolution: "@oxlint/binding-linux-x64-musl@npm:1.67.0"
  conditions: os=linux & cpu=x64 & libc=musl
  languageName: node
  linkType: hard

"@oxlint/binding-openharmony-arm64@npm:1.67.0":
  version: 1.67.0
  resolution: "@oxlint/binding-openharmony-arm64@npm:1.67.0"
  conditions: os=openharmony & cpu=arm64
  languageName: node
  linkType: hard

"@oxlint/binding-win32-arm64-msvc@npm:1.67.0":
  version: 1.67.0
  resolution: "@oxlint/binding-win32-arm64-msvc@npm:1.67.0"
  conditions: os=win32 & cpu=arm64
  languageName: node
  linkType: hard

"@oxlint/binding-win32-ia32-msvc@npm:1.67.0":
  version: 1.67.0
  resolution: "@oxlint/binding-win32-ia32-msvc@npm:1.67.0"
  conditions: os=win32 & cpu=ia32
  languageName: node
  linkType: hard

"@oxlint/binding-win32-x64-msvc@npm:1.67.0":
  version: 1.67.0
  resolution: "@oxlint/binding-win32-x64-msvc@npm:1.67.0"
  conditions: os=win32 & cpu=x64
  languageName: node
  linkType: hard

"argparse@npm:^1.0.7":
  version: 1.0.10
  resolution: "argparse@npm:1.0.10"
  dependencies:
    sprintf-js: "npm:~1.0.2"
  checksum: 10c0/b2972c5c23c63df66bca144dbc65d180efa74f25f8fd9b7d9a0a6c88ae839db32df3d54770dcb6460cf840d232b60695d1a6b1053f599d84e73f7437087712de
  languageName: node
  linkType: hard

"esprima@npm:^4.0.0":
  version: 4.0.1
  resolution: "esprima@npm:4.0.1"
  bin:
    esparse: ./bin/esparse.js
    esvalidate: ./bin/esvalidate.js
  checksum: 10c0/ad4bab9ead0808cf56501750fd9d3fb276f6b105f987707d059005d57e182d18a7c9ec7f3a01794ebddcca676773e42ca48a32d67a250c9d35e009ca613caba3
  languageName: node
  linkType: hard

"extend-shallow@npm:^2.0.1":
  version: 2.0.1
  resolution: "extend-shallow@npm:2.0.1"
  dependencies:
    is-extendable: "npm:^0.1.0"
  checksum: 10c0/ee1cb0a18c9faddb42d791b2d64867bd6cfd0f3affb711782eb6e894dd193e2934a7f529426aac7c8ddb31ac5d38000a00aa2caf08aa3dfc3e1c8ff6ba340bd9
  languageName: node
  linkType: hard

"gray-matter@npm:4.0.3":
  version: 4.0.3
  resolution: "gray-matter@npm:4.0.3"
  dependencies:
    js-yaml: "npm:^3.13.1"
    kind-of: "npm:^6.0.2"
    section-matter: "npm:^1.0.0"
    strip-bom-string: "npm:^1.0.0"
  checksum: 10c0/e38489906dad4f162ca01e0dcbdbed96d1a53740cef446b9bf76d80bec66fa799af07776a18077aee642346c5e1365ed95e4c91854a12bf40ba0d4fb43a625a6
  languageName: node
  linkType: hard

"is-extendable@npm:^0.1.0":
  version: 0.1.1
  resolution: "is-extendable@npm:0.1.1"
  checksum: 10c0/dd5ca3994a28e1740d1e25192e66eed128e0b2ff161a7ea348e87ae4f616554b486854de423877a2a2c171d5f7cd6e8093b91f54533bc88a59ee1c9838c43879
  languageName: node
  linkType: hard

"js-yaml@npm:^3.13.1":
  version: 3.14.2
  resolution: "js-yaml@npm:3.14.2"
  dependencies:
    argparse: "npm:^1.0.7"
    esprima: "npm:^4.0.0"
  bin:
    js-yaml: bin/js-yaml.js
  checksum: 10c0/3261f25912f5dd76605e5993d0a126c2b6c346311885d3c483706cd722efe34f697ea0331f654ce27c00a42b426e524518ec89d65ed02ea47df8ad26dcc8ce69
  languageName: node
  linkType: hard

"kind-of@npm:^6.0.0, kind-of@npm:^6.0.2":
  version: 6.0.3
  resolution: "kind-of@npm:6.0.3"
  checksum: 10c0/61cdff9623dabf3568b6445e93e31376bee1cdb93f8ba7033d86022c2a9b1791a1d9510e026e6465ebd701a6dd2f7b0808483ad8838341ac52f003f512e0b4c4
  languageName: node
  linkType: hard

"oxfmt@npm:0.52.0":
  version: 0.52.0
  resolution: "oxfmt@npm:0.52.0"
  dependencies:
    "@oxfmt/binding-android-arm-eabi": "npm:0.52.0"
    "@oxfmt/binding-android-arm64": "npm:0.52.0"
    "@oxfmt/binding-darwin-arm64": "npm:0.52.0"
    "@oxfmt/binding-darwin-x64": "npm:0.52.0"
    "@oxfmt/binding-freebsd-x64": "npm:0.52.0"
    "@oxfmt/binding-linux-arm-gnueabihf": "npm:0.52.0"
    "@oxfmt/binding-linux-arm-musleabihf": "npm:0.52.0"
    "@oxfmt/binding-linux-arm64-gnu": "npm:0.52.0"
    "@oxfmt/binding-linux-arm64-musl": "npm:0.52.0"
    "@oxfmt/binding-linux-ppc64-gnu": "npm:0.52.0"
    "@oxfmt/binding-linux-riscv64-gnu": "npm:0.52.0"
    "@oxfmt/binding-linux-riscv64-musl": "npm:0.52.0"
    "@oxfmt/binding-linux-s390x-gnu": "npm:0.52.0"
    "@oxfmt/binding-linux-x64-gnu": "npm:0.52.0"
    "@oxfmt/binding-linux-x64-musl": "npm:0.52.0"
    "@oxfmt/binding-openharmony-arm64": "npm:0.52.0"
    "@oxfmt/binding-win32-arm64-msvc": "npm:0.52.0"
    "@oxfmt/binding-win32-ia32-msvc": "npm:0.52.0"
    "@oxfmt/binding-win32-x64-msvc": "npm:0.52.0"
    tinypool: "npm:2.1.0"
  peerDependencies:
    svelte: ^5.0.0
    vite-plus: "*"
  dependenciesMeta:
    "@oxfmt/binding-android-arm-eabi":
      optional: true
    "@oxfmt/binding-android-arm64":
      optional: true
    "@oxfmt/binding-darwin-arm64":
      optional: true
    "@oxfmt/binding-darwin-x64":
      optional: true
    "@oxfmt/binding-freebsd-x64":
      optional: true
    "@oxfmt/binding-linux-arm-gnueabihf":
      optional: true
    "@oxfmt/binding-linux-arm-musleabihf":
      optional: true
    "@oxfmt/binding-linux-arm64-gnu":
      optional: true
    "@oxfmt/binding-linux-arm64-musl":
      optional: true
    "@oxfmt/binding-linux-ppc64-gnu":
      optional: true
    "@oxfmt/binding-linux-riscv64-gnu":
      optional: true
    "@oxfmt/binding-linux-riscv64-musl":
      optional: true
    "@oxfmt/binding-linux-s390x-gnu":
      optional: true
    "@oxfmt/binding-linux-x64-gnu":
      optional: true
    "@oxfmt/binding-linux-x64-musl":
      optional: true
    "@oxfmt/binding-openharmony-arm64":
      optional: true
    "@oxfmt/binding-win32-arm64-msvc":
      optional: true
    "@oxfmt/binding-win32-ia32-msvc":
      optional: true
    "@oxfmt/binding-win32-x64-msvc":
      optional: true
  peerDependenciesMeta:
    svelte:
      optional: true
    vite-plus:
      optional: true
  bin:
    oxfmt: bin/oxfmt
  checksum: 10c0/a67a597202e29432f29049a6862feb927b6f996e5e909cb32acb2fe282d4b6d01d2e693c2b8a0ca6d016f236301cdd66c9250fd13af0876aee6c5b0eddba259f
  languageName: node
  linkType: hard

"oxlint@npm:1.67.0":
  version: 1.67.0
  resolution: "oxlint@npm:1.67.0"
  dependencies:
    "@oxlint/binding-android-arm-eabi": "npm:1.67.0"
    "@oxlint/binding-android-arm64": "npm:1.67.0"
    "@oxlint/binding-darwin-arm64": "npm:1.67.0"
    "@oxlint/binding-darwin-x64": "npm:1.67.0"
    "@oxlint/binding-freebsd-x64": "npm:1.67.0"
    "@oxlint/binding-linux-arm-gnueabihf": "npm:1.67.0"
    "@oxlint/binding-linux-arm-musleabihf": "npm:1.67.0"
    "@oxlint/binding-linux-arm64-gnu": "npm:1.67.0"
    "@oxlint/binding-linux-arm64-musl": "npm:1.67.0"
    "@oxlint/binding-linux-ppc64-gnu": "npm:1.67.0"
    "@oxlint/binding-linux-riscv64-gnu": "npm:1.67.0"
    "@oxlint/binding-linux-riscv64-musl": "npm:1.67.0"
    "@oxlint/binding-linux-s390x-gnu": "npm:1.67.0"
    "@oxlint/binding-linux-x64-gnu": "npm:1.67.0"
    "@oxlint/binding-linux-x64-musl": "npm:1.67.0"
    "@oxlint/binding-openharmony-arm64": "npm:1.67.0"
    "@oxlint/binding-win32-arm64-msvc": "npm:1.67.0"
    "@oxlint/binding-win32-ia32-msvc": "npm:1.67.0"
    "@oxlint/binding-win32-x64-msvc": "npm:1.67.0"
  peerDependencies:
    oxlint-tsgolint: ">=0.22.1"
    vite-plus: "*"
  dependenciesMeta:
    "@oxlint/binding-android-arm-eabi":
      optional: true
    "@oxlint/binding-android-arm64":
      optional: true
    "@oxlint/binding-darwin-arm64":
      optional: true
    "@oxlint/binding-darwin-x64":
      optional: true
    "@oxlint/binding-freebsd-x64":
      optional: true
    "@oxlint/binding-linux-arm-gnueabihf":
      optional: true
    "@oxlint/binding-linux-arm-musleabihf":
      optional: true
    "@oxlint/binding-linux-arm64-gnu":
      optional: true
    "@oxlint/binding-linux-arm64-musl":
      optional: true
    "@oxlint/binding-linux-ppc64-gnu":
      optional: true
    "@oxlint/binding-linux-riscv64-gnu":
      optional: true
    "@oxlint/binding-linux-riscv64-musl":
      optional: true
    "@oxlint/binding-linux-s390x-gnu":
      optional: true
    "@oxlint/binding-linux-x64-gnu":
      optional: true
    "@oxlint/binding-linux-x64-musl":
      optional: true
    "@oxlint/binding-openharmony-arm64":
      optional: true
    "@oxlint/binding-win32-arm64-msvc":
      optional: true
    "@oxlint/binding-win32-ia32-msvc":
      optional: true
    "@oxlint/binding-win32-x64-msvc":
      optional: true
  peerDependenciesMeta:
    oxlint-tsgolint:
      optional: true
    vite-plus:
      optional: true
  bin:
    oxlint: bin/oxlint
  checksum: 10c0/2532bebc3ed26f04e14bad2932763d1b71990c9b0bc103ab830eda990a97b9cc195b286ca5f174034684f9b1c842cbdcfd47c99adfb9519193ef23d0d3892507
  languageName: node
  linkType: hard

"parse-diff@npm:0.11.1":
  version: 0.11.1
  resolution: "parse-diff@npm:0.11.1"
  checksum: 10c0/b8a488039f535e0ddaf1cfd4a13c2adc6d142f4e6263de6dc603f9762b59da89703a8f0dc8aacb7c7c66cdbdd2d075a57c63813fb74f66c9b8f5fe8ad2e89689
  languageName: node
  linkType: hard

"section-matter@npm:^1.0.0":
  version: 1.0.0
  resolution: "section-matter@npm:1.0.0"
  dependencies:
    extend-shallow: "npm:^2.0.1"
    kind-of: "npm:^6.0.0"
  checksum: 10c0/8007f91780adc5aaa781a848eaae50b0f680bbf4043b90cf8a96778195b8fab690c87fe7a989e02394ce69890e330811ec8dab22397d384673ce59f7d750641d
  languageName: node
  linkType: hard

"sprintf-js@npm:~1.0.2":
  version: 1.0.3
  resolution: "sprintf-js@npm:1.0.3"
  checksum: 10c0/ecadcfe4c771890140da5023d43e190b7566d9cf8b2d238600f31bec0fc653f328da4450eb04bd59a431771a8e9cc0e118f0aa3974b683a4981b4e07abc2a5bb
  languageName: node
  linkType: hard

"strip-bom-string@npm:^1.0.0":
  version: 1.0.0
  resolution: "strip-bom-string@npm:1.0.0"
  checksum: 10c0/5c5717e2643225aa6a6d659d34176ab2657037f1fe2423ac6fcdb488f135e14fef1022030e426d8b4d0989e09adbd5c3288d5d3b9c632abeefd2358dfc512bca
  languageName: node
  linkType: hard

"tinypool@npm:2.1.0":
  version: 2.1.0
  resolution: "tinypool@npm:2.1.0"
  checksum: 10c0/9fb1c760558c6264e0f4cfde96a63b12450b43f1730fbe6274aa24ddbdf488745c08924d0dea7a1303b47d555416a6415f2113898c69b6ecf731e75ac95238a5
  languageName: node
  linkType: hard
